
Microsoft Visual Studio Solution File, Format Version 12.00
# Visual Studio Version 17
VisualStudioVersion = 17.14.36518.9 d17.14
MinimumVisualStudioVersion = 10.0.40219.1
Project("{FAE04EC0-301F-11D3-BF4B-00C04F79EFBC}") = "07.10", "07.10\07.10.csproj", "{9BE18344-7412-4C6F-A799-76BA2A23043C}"
EndProject
Global
	GlobalSection(SolutionConfigurationPlatforms) = preSolution
		Debug|Any CPU = Debug|Any CPU
		Release|Any CPU = Release|Any CPU
	EndGlobalSection
	GlobalSection(ProjectConfigurationPlatforms) = postSolution
		{9BE18344-7412-4C6F-A799-76BA2A23043C}.Debug|Any CPU.ActiveCfg = Debug|Any CPU
		{9BE18344-7412-4C6F-A799-76BA2A23043C}.Debug|Any CPU.Build.0 = Debug|Any CPU
		{9BE18344-7412-4C6F-A799-76BA2A23043C}.Release|Any CPU.ActiveCfg = Release|Any CPU
		{9BE18344-7412-4C6F-A799-76BA2A23043C}.Release|Any CPU.Build.0 = Release|Any CPU
	EndGlobalSection
	GlobalSection(SolutionProperties) = preSolution
		HideSolutionNode = FALSE
	EndGlobalSection
	GlobalSection(ExtensibilityGlobals) = postSolution
		SolutionGuid = {F98925A7-C7C9-4B08-A33F-0F2F186ACB4A}
	EndGlobalSection
EndGlobal
