
Microsoft Visual Studio Solution File, Format Version 12.00
# Visual Studio Version 17
VisualStudioVersion = 17.14.36518.9 d17.14
MinimumVisualStudioVersion = 10.0.40219.1
Project("{FAE04EC0-301F-11D3-BF4B-00C04F79EFBC}") = "1016", "1016\1016.csproj", "{FF190BA9-5BEA-49AD-A1A9-362DBACD5808}"
EndProject
Global
	GlobalSection(SolutionConfigurationPlatforms) = preSolution
		Debug|Any CPU = Debug|Any CPU
		Release|Any CPU = Release|Any CPU
	EndGlobalSection
	GlobalSection(ProjectConfigurationPlatforms) = postSolution
		{FF190BA9-5BEA-49AD-A1A9-362DBACD5808}.Debug|Any CPU.ActiveCfg = Debug|Any CPU
		{FF190BA9-5BEA-49AD-A1A9-362DBACD5808}.Debug|Any CPU.Build.0 = Debug|Any CPU
		{FF190BA9-5BEA-49AD-A1A9-362DBACD5808}.Release|Any CPU.ActiveCfg = Release|Any CPU
		{FF190BA9-5BEA-49AD-A1A9-362DBACD5808}.Release|Any CPU.Build.0 = Release|Any CPU
	EndGlobalSection
	GlobalSection(SolutionProperties) = preSolution
		HideSolutionNode = FALSE
	EndGlobalSection
	GlobalSection(ExtensibilityGlobals) = postSolution
		SolutionGuid = {0F96B598-2A33-4CF1-975A-2835E4E2FD82}
	EndGlobalSection
EndGlobal
